hash: d8234322f5aa369ff05dc08fb3d2f8f5c408a09ae4368ce8fd195f25e4553512
updated: 2016-05-11T16:35:34.496337143-04:00
imports:
- name: github.com/ajg/form
  version: e7b99d6ea9c58e7bb6b2c1059b9ba748cdff22b0
- name: github.com/labstack/echo
  version: f12d77f9cf7a374fa39e2e029a439c55e59dbc91
- name: github.com/labstack/gommon
  version: b5f03e345acd2096591b6f738cb8d2b9b3231c50
  subpackages:
  - log
  - color
- name: github.com/markbates/hmax
  version: b6c7cb2ab5f435e74dfc81cc9efaf3ce85397f56
- name: github.com/mattn/go-colorable
  version: 45ce6a6f60010487dd0dbab368b5fbbed1c14ef0
- name: github.com/mattn/go-isatty
  version: 56b76bdf51f7708750eac80fa38b952bb9f32639
- name: github.com/serenize/snaker
  version: 8824b61eca66d308fcb2d515287d3d7a28dba8d6
- name: github.com/unrolled/render
  version: 198ad4d8b8a4612176b804ca10555b222a086b40
- name: github.com/valyala/fasttemplate
  version: 3b874956e03f1636d171bda64b130f9135f42cff
- name: golang.org/x/net
  version: 96dbb961a39ddccf16860cdd355bfa639c497f23
  subpackages:
  - context
  - websocket
- name: golang.org/x/sys
  version: 806cb00533e5af545ce95e84b349404f8e5ff7a8
  subpackages:
  - unix
devImports: []
